п»ї<?xml version="1.0" encoding="utf-8"?>
<Project ToolsVersion="4.0" xmlns="http://schemas.microsoft.com/developer/msbuild/2003">
  <ItemGroup>
    <Filter Include="AISystem">
      <UniqueIdentifier>{ca6eb70e-f710-4341-aca5-acea703a29ae}</UniqueIdentifier>
    </Filter>
    <Filter Include="AISystem\AIObject">
      <UniqueIdentifier>{db42821f-0d76-4729-95be-89a856fdefe2}</UniqueIdentifier>
    </Filter>
    <Filter Include="AISystem\PipeUser">
      <UniqueIdentifier>{34d0d8b7-cc90-4e46-892a-87c2e836613b}</UniqueIdentifier>
    </Filter>
    <Filter Include="AISystem\AutoBalance">
      <UniqueIdentifier>{001449d5-4942-468b-ad8c-5754afa38829}</UniqueIdentifier>
    </Filter>
    <Filter Include="AISystem\Goals">
      <UniqueIdentifier>{730c6066-cde4-4ce2-b15a-dc77684ae20a}</UniqueIdentifier>
    </Filter>
    <Filter Include="AISystem\Navigation">
      <UniqueIdentifier>{614acd7b-b808-4d2f-8eb0-a399f97e19f6}</UniqueIdentifier>
    </Filter>
    <Filter Include="AISystem\Graph">
      <UniqueIdentifier>{544125e5-f4f7-45b0-8d5b-68c137e61699}</UniqueIdentifier>
    </Filter>
    <Filter Include="AISystem\AStarResolver">
      <UniqueIdentifier>{fd9bcedb-574e-46a1-a9b0-dc310ab9ac62}</UniqueIdentifier>
    </Filter>
    <Filter Include="AISystem\SmartObjects">
      <UniqueIdentifier>{a9d9e71e-d71d-4eec-befe-9b728f0fa173}</UniqueIdentifier>
    </Filter>
  </ItemGroup>
  <ItemGroup>
    <ClCompile Include="AISystem.cpp">
      <Filter>AISystem</Filter>
    </ClCompile>
    <ClCompile Include="AIObject.cpp">
      <Filter>AISystem\AIObject</Filter>
    </ClCompile>
    <ClCompile Include="AIPlayer.cpp">
      <Filter>AISystem\AIObject</Filter>
    </ClCompile>
    <ClCompile Include="AIVehicle.cpp">
      <Filter>AISystem\AIObject</Filter>
    </ClCompile>
    <ClCompile Include="AIAttribute.cpp">
      <Filter>AISystem\AIObject</Filter>
    </ClCompile>
    <ClCompile Include="PipeUser.cpp">
      <Filter>AISystem\PipeUser</Filter>
    </ClCompile>
    <ClCompile Include="AIAutoBalance.cpp">
      <Filter>AISystem\AutoBalance</Filter>
    </ClCompile>
    <ClCompile Include="GoalOp.cpp">
      <Filter>AISystem\Goals</Filter>
    </ClCompile>
    <ClCompile Include="GoalPipe.cpp">
      <Filter>AISystem\Goals</Filter>
    </ClCompile>
    <ClCompile Include="Puppet.cpp">
      <Filter>AISystem\PipeUser</Filter>
    </ClCompile>
    <ClCompile Include="AIMemStats.cpp">
      <Filter>AISystem</Filter>
    </ClCompile>
    <ClCompile Include="StdAfx.cpp" />
    <ClCompile Include="BuildingIDManager.cpp">
      <Filter>AISystem</Filter>
    </ClCompile>
    <ClCompile Include="Formation.cpp">
      <Filter>AISystem</Filter>
    </ClCompile>
    <ClCompile Include="VertexList.cpp">
      <Filter>AISystem</Filter>
    </ClCompile>
    <ClCompile Include="DllMain.cpp" />
    <ClCompile Include="CTriangulator.cpp">
      <Filter>AISystem</Filter>
    </ClCompile>
    <ClCompile Include="Graph.cpp">
      <Filter>AISystem\Graph</Filter>
    </ClCompile>
    <ClCompile Include="GraphUtility.cpp">
      <Filter>AISystem\Graph</Filter>
    </ClCompile>
  </ItemGroup>
  <ItemGroup>
    <ClInclude Include="AISystem.h">
      <Filter>AISystem</Filter>
    </ClInclude>
    <ClInclude Include="AIObject.h">
      <Filter>AISystem\AIObject</Filter>
    </ClInclude>
    <ClInclude Include="AIPlayer.h">
      <Filter>AISystem\AIObject</Filter>
    </ClInclude>
    <ClInclude Include="AIVehicle.h">
      <Filter>AISystem\AIObject</Filter>
    </ClInclude>
    <ClInclude Include="AIAttribute.h">
      <Filter>AISystem\AIObject</Filter>
    </ClInclude>
    <ClInclude Include="PipeUser.h">
      <Filter>AISystem\PipeUser</Filter>
    </ClInclude>
    <ClInclude Include="AIAutoBalance.h">
      <Filter>AISystem\AutoBalance</Filter>
    </ClInclude>
    <ClInclude Include="GoalOp.h">
      <Filter>AISystem\Goals</Filter>
    </ClInclude>
    <ClInclude Include="GoalPipe.h">
      <Filter>AISystem\Goals</Filter>
    </ClInclude>
    <ClInclude Include="Puppet.h">
      <Filter>AISystem\PipeUser</Filter>
    </ClInclude>
    <ClInclude Include="Formation.h">
      <Filter>AISystem</Filter>
    </ClInclude>
    <ClInclude Include="BuildingIDManager.h">
      <Filter>AISystem</Filter>
    </ClInclude>
    <ClInclude Include="AISystemCVars.h">
      <Filter>AISystem</Filter>
    </ClInclude>
    <ClInclude Include="StdAfx.h" />
    <ClInclude Include="pointer_container.h">
      <Filter>AISystem</Filter>
    </ClInclude>
    <ClInclude Include="VertexList.h">
      <Filter>AISystem</Filter>
    </ClInclude>
    <ClInclude Include="DllMain.h" />
    <ClInclude Include="NavRegion.h">
      <Filter>AISystem\Navigation</Filter>
    </ClInclude>
    <ClInclude Include="CTriangulator.h">
      <Filter>AISystem</Filter>
    </ClInclude>
    <ClInclude Include="NavPath.h">
      <Filter>AISystem\Navigation</Filter>
    </ClInclude>
    <ClInclude Include="IPathfinder.h">
      <Filter>AISystem\Navigation</Filter>
    </ClInclude>
    <ClInclude Include="INavigationSystem.h">
      <Filter>AISystem\Navigation</Filter>
    </ClInclude>
    <ClInclude Include="IMNM.h" />
    <ClInclude Include="PathObstacles.h">
      <Filter>AISystem\Navigation</Filter>
    </ClInclude>
    <ClInclude Include="AILog.h">
      <Filter>AISystem</Filter>
    </ClInclude>
    <ClInclude Include="Graph.h">
      <Filter>AISystem\Graph</Filter>
    </ClInclude>
    <ClInclude Include="AStarSolver.h">
      <Filter>AISystem\AStarResolver</Filter>
    </ClInclude>
    <ClInclude Include="AStarOpenList.h">
      <Filter>AISystem\AStarResolver</Filter>
    </ClInclude>
    <ClInclude Include="GraphNodeManager.h">
      <Filter>AISystem\Graph</Filter>
    </ClInclude>
    <ClInclude Include="GraphStructures.h">
      <Filter>AISystem\Graph</Filter>
    </ClInclude>
    <ClInclude Include="AutoTypeStructs.h">
      <Filter>AISystem</Filter>
    </ClInclude>
    <ClInclude Include="GraphLinkManager.h">
      <Filter>AISystem\Graph</Filter>
    </ClInclude>
    <ClInclude Include="AIHash.h">
      <Filter>AISystem</Filter>
    </ClInclude>
    <ClInclude Include="AllNodesContainer.h">
      <Filter>AISystem\Graph</Filter>
    </ClInclude>
    <ClInclude Include="HashSpace.h">
      <Filter>AISystem</Filter>
    </ClInclude>
    <ClInclude Include="SmartObjects.h">
      <Filter>AISystem\SmartObjects</Filter>
    </ClInclude>
  </ItemGroup>
</Project>