<?xml version="1.0" encoding="utf-8"?>
<Project ToolsVersion="4.0" xmlns="http://schemas.microsoft.com/developer/msbuild/2003">
  <ItemGroup>
    <Filter Include="Actor Files">
      <UniqueIdentifier>{89629f24-de75-4a07-aacc-1feca6b26f94}</UniqueIdentifier>
    </Filter>
    <Filter Include="Actor Files\player">
      <UniqueIdentifier>{91a8dc3d-7128-4bc5-bf71-5cc1ecadccba}</UniqueIdentifier>
    </Filter>
    <Filter Include="Actor Files\aliens">
      <UniqueIdentifier>{6dbe8c2e-fdd5-46f7-84b0-f3db270ea74c}</UniqueIdentifier>
    </Filter>
    <Filter Include="Actor Files\grab">
      <UniqueIdentifier>{1805ccf1-924f-4746-abe7-f6625069ad22}</UniqueIdentifier>
    </Filter>
    <Filter Include="Game Files">
      <UniqueIdentifier>{7510732f-ea64-4e92-8646-a6ff66e459c1}</UniqueIdentifier>
    </Filter>
    <Filter Include="Game Files\Environment">
      <UniqueIdentifier>{db01a564-cd91-4299-bffa-f18ea6b41d4e}</UniqueIdentifier>
    </Filter>
    <Filter Include="Game Files\Environment\Tornado">
      <UniqueIdentifier>{613256d7-ab99-4adc-adda-2363626ce2cf}</UniqueIdentifier>
    </Filter>
    <Filter Include="Vehicle Files">
      <UniqueIdentifier>{252c029d-c28b-4008-9abd-a7a47eef9c5b}</UniqueIdentifier>
    </Filter>
    <Filter Include="Vehicle Files\Movement Files">
      <UniqueIdentifier>{7a353087-eb86-4e78-bd7f-9d5ebc5bd052}</UniqueIdentifier>
    </Filter>
    <Filter Include="Vehicle Files\Damage Files">
      <UniqueIdentifier>{bcdfea9c-768b-4493-b524-6aba3dda3103}</UniqueIdentifier>
    </Filter>
    <Filter Include="Vehicle Files\Action Files">
      <UniqueIdentifier>{24fdd216-3345-4464-a8e2-cbc1391893d4}</UniqueIdentifier>
    </Filter>
    <Filter Include="Item Files">
      <UniqueIdentifier>{7d43bef6-c1c7-414e-9cec-8c6484978bfb}</UniqueIdentifier>
    </Filter>
    <Filter Include="Item Files\Weapon Files">
      <UniqueIdentifier>{9f913e5a-18d7-454c-a4a2-85752472d28c}</UniqueIdentifier>
    </Filter>
    <Filter Include="Item Files\Weapon Files\Fire Modes">
      <UniqueIdentifier>{5e7c7643-c376-4b56-807a-9aa4b3c8791a}</UniqueIdentifier>
    </Filter>
    <Filter Include="Item Files\Weapon Files\Projectiles">
      <UniqueIdentifier>{881b2b96-5103-4cac-b341-0d7ad17df5ba}</UniqueIdentifier>
    </Filter>
    <Filter Include="Item Files\Weapon Files\Zoom Modes">
      <UniqueIdentifier>{8409cce1-4f92-4206-ba96-d440e63a0648}</UniqueIdentifier>
    </Filter>
    <Filter Include="Item Files\Weapon Files\Weapons">
      <UniqueIdentifier>{85bc6b6b-ebd8-4ad9-96b4-8ff15835bd7a}</UniqueIdentifier>
    </Filter>
    <Filter Include="Item Files\Items">
      <UniqueIdentifier>{e14c1184-9435-49af-9a9c-1734e8a77dd2}</UniqueIdentifier>
    </Filter>
    <Filter Include="Utility">
      <UniqueIdentifier>{b9c0d798-57e5-463d-93e7-ef847d2e5eec}</UniqueIdentifier>
    </Filter>
    <Filter Include="HUD">
      <UniqueIdentifier>{2b787828-3c91-4f85-a7b5-6bd2b58964c8}</UniqueIdentifier>
    </Filter>
    <Filter Include="HUD\Tweaks">
      <UniqueIdentifier>{b39f80b3-6ce5-4a76-a16f-eafa9eee877b}</UniqueIdentifier>
    </Filter>
    <Filter Include="HUD\Main">
      <UniqueIdentifier>{8441dbfb-1a47-4053-820c-b0877c1f1257}</UniqueIdentifier>
    </Filter>
    <Filter Include="GameRules">
      <UniqueIdentifier>{c16dec8e-f13f-4aee-8f77-91a63127d355}</UniqueIdentifier>
    </Filter>
    <Filter Include="Nodes">
      <UniqueIdentifier>{53f3c1b0-ef02-4938-80e6-467b4642583b}</UniqueIdentifier>
    </Filter>
    <Filter Include="Menus">
      <UniqueIdentifier>{ea1f22ee-0fe1-49ca-8c3c-77cb19dd3e6a}</UniqueIdentifier>
    </Filter>
    <Filter Include="Flash">
      <UniqueIdentifier>{5b77e724-30c6-4293-ac43-0f380141111c}</UniqueIdentifier>
    </Filter>
    <Filter Include="LCD">
      <UniqueIdentifier>{38c07e1f-2464-476b-a0da-ca66af3730a5}</UniqueIdentifier>
    </Filter>
    <Filter Include="LCD\Pages">
      <UniqueIdentifier>{c2968215-3d81-4fe3-9dcc-235e061d5c48}</UniqueIdentifier>
    </Filter>
    <Filter Include="Resources">
      <UniqueIdentifier>{b1c26b27-f6a2-401c-8453-d2728ba68a52}</UniqueIdentifier>
    </Filter>
    <Filter Include="Resources\G15">
      <UniqueIdentifier>{198e9e18-e9f2-4ee1-aaff-556820592125}</UniqueIdentifier>
    </Filter>
    <Filter Include="Resources\G15\Grenades">
      <UniqueIdentifier>{685ec147-c94d-4498-adf2-2c156618e9a0}</UniqueIdentifier>
    </Filter>
    <Filter Include="Resources\G15\Items">
      <UniqueIdentifier>{6eecb6cf-ef9a-4296-b679-22d4d97478ea}</UniqueIdentifier>
    </Filter>
    <Filter Include="Resources\G15\Suit">
      <UniqueIdentifier>{0a61c61f-bf60-43fa-8087-a9e716e2a0d6}</UniqueIdentifier>
    </Filter>
    <Filter Include="Resources\G15\Vehicles">
      <UniqueIdentifier>{b3bbb513-2d07-4a88-b58a-b772f53c9625}</UniqueIdentifier>
    </Filter>
    <Filter Include="Expansion">
      <UniqueIdentifier>{16b4e689-a886-49e4-8dc9-9db3a8f24013}</UniqueIdentifier>
    </Filter>
    <Filter Include="Expansion\Weapons">
      <UniqueIdentifier>{eb79cbc4-2a9c-40d2-97f9-c818000c89b2}</UniqueIdentifier>
    </Filter>
    <Filter Include="Nodes\FGPS">
      <UniqueIdentifier>{67e63ffc-8106-4d19-9916-cf2eea341a84}</UniqueIdentifier>
    </Filter>
    <Filter Include="TheOtherSide">
      <UniqueIdentifier>{da554eaa-786a-4f32-9d38-559821bf2589}</UniqueIdentifier>
    </Filter>
    <Filter Include="TheOtherSide\Nodes">
      <UniqueIdentifier>{c9e640d1-39a5-4996-ab11-81d46a1396a2}</UniqueIdentifier>
    </Filter>
    <Filter Include="TheOtherSide\Conqueror">
      <UniqueIdentifier>{f65f84eb-cbc8-4fff-a83f-e29c69db59f9}</UniqueIdentifier>
    </Filter>
    <Filter Include="TheOtherSide\Abilities">
      <UniqueIdentifier>{2afe25ba-d8c0-49ae-a0fa-09f2cf41ddda}</UniqueIdentifier>
    </Filter>
    <Filter Include="TheOtherSide\Control">
      <UniqueIdentifier>{0ee33ea8-e312-449d-b9e5-f6bf9f36ec11}</UniqueIdentifier>
    </Filter>
    <Filter Include="TheOtherSide\Squad">
      <UniqueIdentifier>{e77e0cee-a6df-453c-a750-042d94b8adb5}</UniqueIdentifier>
    </Filter>
    <Filter Include="TheOtherSide\Inventory">
      <UniqueIdentifier>{ceac7430-8ff5-4b3d-b00a-56247b398f52}</UniqueIdentifier>
    </Filter>
    <Filter Include="TheOtherSide\Item Files">
      <UniqueIdentifier>{ea85b7c0-cca4-47c4-aa3a-bbc9f00b40cf}</UniqueIdentifier>
    </Filter>
    <Filter Include="TheOtherSide\Item Files\Weapon Files">
      <UniqueIdentifier>{0376bf58-8307-48a3-9780-f4853d44fe7b}</UniqueIdentifier>
    </Filter>
    <Filter Include="TheOtherSide\Item Files\Weapon Files\Projectiles">
      <UniqueIdentifier>{b941de2f-2825-4940-9f47-175e2634d3de}</UniqueIdentifier>
    </Filter>
    <Filter Include="TheOtherSide\Helpers">
      <UniqueIdentifier>{a4ceeaec-b278-4ca8-ae09-d7e93e1885e0}</UniqueIdentifier>
    </Filter>
    <Filter Include="TheOtherSide\Actor Files">
      <UniqueIdentifier>{fa86c358-b887-404d-83c6-cabebe436743}</UniqueIdentifier>
    </Filter>
    <Filter Include="TheOtherSide\Actor Files\aliens">
      <UniqueIdentifier>{610538fa-4837-4f02-84c4-64e74a57caa9}</UniqueIdentifier>
    </Filter>
    <Filter Include="TheOtherSide\Conqueror\RequestsAndResponses">
      <UniqueIdentifier>{da6b3c39-2035-4e78-bf1d-194eeef32ace}</UniqueIdentifier>
    </Filter>
    <Filter Include="TheOtherSide\Item Files\Fire Modes">
      <UniqueIdentifier>{0c25a6ca-1b7c-4722-84cf-b76ffda5f590}</UniqueIdentifier>
    </Filter>
    <Filter Include="TheOtherSide\AI Files">
      <UniqueIdentifier>{eaed8956-f9e1-4db5-8c13-7d29dba86466}</UniqueIdentifier>
    </Filter>
  </ItemGroup>
  <ItemGroup>
    <ClCompile Include="Actor.cpp">
      <Filter>Actor Files</Filter>
    </ClCompile>
    <ClCompile Include="ScreenEffects.cpp">
      <Filter>Actor Files</Filter>
    </ClCompile>
    <ClCompile Include="ScriptBind_Actor.cpp">
      <Filter>Actor Files</Filter>
    </ClCompile>
    <ClCompile Include="Shark.cpp">
      <Filter>Actor Files</Filter>
    </ClCompile>
    <ClCompile Include="SharkMovementController.cpp">
      <Filter>Actor Files</Filter>
    </ClCompile>
    <ClCompile Include="NanoSuit.cpp">
      <Filter>Actor Files\player</Filter>
    </ClCompile>
    <ClCompile Include="NetPlayerInput.cpp">
      <Filter>Actor Files\player</Filter>
    </ClCompile>
    <ClCompile Include="Player.cpp">
      <Filter>Actor Files\player</Filter>
    </ClCompile>
    <ClCompile Include="PlayerInput.cpp">
      <Filter>Actor Files\player</Filter>
    </ClCompile>
    <ClCompile Include="PlayerMovement.cpp">
      <Filter>Actor Files\player</Filter>
    </ClCompile>
    <ClCompile Include="PlayerMovementController.cpp">
      <Filter>Actor Files\player</Filter>
    </ClCompile>
    <ClCompile Include="PlayerRotation.cpp">
      <Filter>Actor Files\player</Filter>
    </ClCompile>
    <ClCompile Include="PlayerView.cpp">
      <Filter>Actor Files\player</Filter>
    </ClCompile>
    <ClCompile Include="WeaponAttachmentManager.cpp">
      <Filter>Actor Files\player</Filter>
    </ClCompile>
    <ClCompile Include="Alien.cpp">
      <Filter>Actor Files\aliens</Filter>
    </ClCompile>
    <ClCompile Include="CompatibilityAlienMovementController.cpp">
      <Filter>Actor Files\aliens</Filter>
    </ClCompile>
    <ClCompile Include="Hunter.cpp">
      <Filter>Actor Files\aliens</Filter>
    </ClCompile>
    <ClCompile Include="Observer.cpp">
      <Filter>Actor Files\aliens</Filter>
    </ClCompile>
    <ClCompile Include="Scout.cpp">
      <Filter>Actor Files\aliens</Filter>
    </ClCompile>
    <ClCompile Include="Trooper.cpp">
      <Filter>Actor Files\aliens</Filter>
    </ClCompile>
    <ClCompile Include="GrabHandler.cpp">
      <Filter>Actor Files\grab</Filter>
    </ClCompile>
    <ClCompile Include="BulletTime.cpp">
      <Filter>Game Files</Filter>
    </ClCompile>
    <ClCompile Include="ClientSynchedStorage.cpp">
      <Filter>Game Files</Filter>
    </ClCompile>
    <ClCompile Include="DownloadTask.cpp">
      <Filter>Game Files</Filter>
    </ClCompile>
    <ClCompile Include="Game.cpp">
      <Filter>Game Files</Filter>
    </ClCompile>
    <ClCompile Include="GameActions.cpp">
      <Filter>Game Files</Filter>
    </ClCompile>
    <ClCompile Include="GameCVars.cpp">
      <Filter>Game Files</Filter>
    </ClCompile>
    <ClCompile Include="GameDll.cpp">
      <Filter>Game Files</Filter>
    </ClCompile>
    <ClCompile Include="GameFactory.cpp">
      <Filter>Game Files</Filter>
    </ClCompile>
    <ClCompile Include="MPTutorial.cpp">
      <Filter>Game Files</Filter>
    </ClCompile>
    <ClCompile Include="Radio.cpp">
      <Filter>Game Files</Filter>
    </ClCompile>
    <ClCompile Include="ScriptBind_Game.cpp">
      <Filter>Game Files</Filter>
    </ClCompile>
    <ClCompile Include="ScriptControlledPhysics.cpp">
      <Filter>Game Files</Filter>
    </ClCompile>
    <ClCompile Include="ServerSynchedStorage.cpp">
      <Filter>Game Files</Filter>
    </ClCompile>
    <ClCompile Include="SoundMoods.cpp">
      <Filter>Game Files</Filter>
    </ClCompile>
    <ClCompile Include="SPAnalyst.cpp">
      <Filter>Game Files</Filter>
    </ClCompile>
    <ClCompile Include="SynchedStorage.cpp">
      <Filter>Game Files</Filter>
    </ClCompile>
    <ClCompile Include="Voting.cpp">
      <Filter>Game Files</Filter>
    </ClCompile>
    <ClCompile Include="Environment\BattleDust.cpp">
      <Filter>Game Files\Environment</Filter>
    </ClCompile>
    <ClCompile Include="Environment\Shake.cpp">
      <Filter>Game Files\Environment</Filter>
    </ClCompile>
    <ClCompile Include="Environment\FlowTornado.cpp">
      <Filter>Game Files\Environment\Tornado</Filter>
    </ClCompile>
    <ClCompile Include="Environment\Tornado.cpp">
      <Filter>Game Files\Environment\Tornado</Filter>
    </ClCompile>
    <ClCompile Include="VehicleClient.cpp">
      <Filter>Vehicle Files</Filter>
    </ClCompile>
    <ClCompile Include="VehicleMovementTweaks.cpp">
      <Filter>Vehicle Files</Filter>
    </ClCompile>
    <ClCompile Include="VehicleMovementAmphibious.cpp">
      <Filter>Vehicle Files\Movement Files</Filter>
    </ClCompile>
    <ClCompile Include="VehicleMovementBase.cpp">
      <Filter>Vehicle Files\Movement Files</Filter>
    </ClCompile>
    <ClCompile Include="VehicleMovementHelicopter.cpp">
      <Filter>Vehicle Files\Movement Files</Filter>
    </ClCompile>
    <ClCompile Include="VehicleMovementHovercraft.cpp">
      <Filter>Vehicle Files\Movement Files</Filter>
    </ClCompile>
    <ClCompile Include="VehicleMovementStdBoat.cpp">
      <Filter>Vehicle Files\Movement Files</Filter>
    </ClCompile>
    <ClCompile Include="VehicleMovementStdWheeled.cpp">
      <Filter>Vehicle Files\Movement Files</Filter>
    </ClCompile>
    <ClCompile Include="VehicleMovementTank.cpp">
      <Filter>Vehicle Files\Movement Files</Filter>
    </ClCompile>
    <ClCompile Include="VehicleMovementVTOL.cpp">
      <Filter>Vehicle Files\Movement Files</Filter>
    </ClCompile>
    <ClCompile Include="VehicleMovementWarrior.cpp">
      <Filter>Vehicle Files\Movement Files</Filter>
    </ClCompile>
    <ClCompile Include="VehicleDamageBehaviorBurn.cpp">
      <Filter>Vehicle Files\Damage Files</Filter>
    </ClCompile>
    <ClCompile Include="VehicleDamageBehaviorCameraShake.cpp">
      <Filter>Vehicle Files\Damage Files</Filter>
    </ClCompile>
    <ClCompile Include="VehicleDamageBehaviorCollisionEx.cpp">
      <Filter>Vehicle Files\Damage Files</Filter>
    </ClCompile>
    <ClCompile Include="VehicleDamageBehaviorExplosion.cpp">
      <Filter>Vehicle Files\Damage Files</Filter>
    </ClCompile>
    <ClCompile Include="VehicleDamageBehaviorTire.cpp">
      <Filter>Vehicle Files\Damage Files</Filter>
    </ClCompile>
    <ClCompile Include="VehicleActionAutomaticDoor.cpp">
      <Filter>Vehicle Files\Action Files</Filter>
    </ClCompile>
    <ClCompile Include="VehicleActionDeployRope.cpp">
      <Filter>Vehicle Files\Action Files</Filter>
    </ClCompile>
    <ClCompile Include="VehicleActionEntityAttachment.cpp">
      <Filter>Vehicle Files\Action Files</Filter>
    </ClCompile>
    <ClCompile Include="VehicleActionLandingGears.cpp">
      <Filter>Vehicle Files\Action Files</Filter>
    </ClCompile>
    <ClCompile Include="FlowItemAnimation.cpp">
      <Filter>Item Files</Filter>
    </ClCompile>
    <ClCompile Include="Item.cpp">
      <Filter>Item Files</Filter>
    </ClCompile>
    <ClCompile Include="ItemAccessory.cpp">
      <Filter>Item Files</Filter>
    </ClCompile>
    <ClCompile Include="ItemClientServer.cpp">
      <Filter>Item Files</Filter>
    </ClCompile>
    <ClCompile Include="ItemDualWield.cpp">
      <Filter>Item Files</Filter>
    </ClCompile>
    <ClCompile Include="ItemEffect.cpp">
      <Filter>Item Files</Filter>
    </ClCompile>
    <ClCompile Include="ItemEvents.cpp">
      <Filter>Item Files</Filter>
    </ClCompile>
    <ClCompile Include="ItemParams.cpp">
      <Filter>Item Files</Filter>
    </ClCompile>
    <ClCompile Include="ItemResource.cpp">
      <Filter>Item Files</Filter>
    </ClCompile>
    <ClCompile Include="ItemScheduler.cpp">
      <Filter>Item Files</Filter>
    </ClCompile>
    <ClCompile Include="ItemSharedParams.cpp">
      <Filter>Item Files</Filter>
    </ClCompile>
    <ClCompile Include="ItemView.cpp">
      <Filter>Item Files</Filter>
    </ClCompile>
    <ClCompile Include="ScriptBind_Item.cpp">
      <Filter>Item Files</Filter>
    </ClCompile>
    <ClCompile Include="AmmoParams.cpp">
      <Filter>Item Files\Weapon Files</Filter>
    </ClCompile>
    <ClCompile Include="Projectile.cpp">
      <Filter>Item Files\Weapon Files</Filter>
    </ClCompile>
    <ClCompile Include="ScriptBind_Weapon.cpp">
      <Filter>Item Files\Weapon Files</Filter>
    </ClCompile>
    <ClCompile Include="TracerManager.cpp">
      <Filter>Item Files\Weapon Files</Filter>
    </ClCompile>
    <ClCompile Include="Weapon.cpp">
      <Filter>Item Files\Weapon Files</Filter>
    </ClCompile>
    <ClCompile Include="WeaponClientServer.cpp">
      <Filter>Item Files\Weapon Files</Filter>
    </ClCompile>
    <ClCompile Include="WeaponEvent.cpp">
      <Filter>Item Files\Weapon Files</Filter>
    </ClCompile>
    <ClCompile Include="WeaponInput.cpp">
      <Filter>Item Files\Weapon Files</Filter>
    </ClCompile>
    <ClCompile Include="WeaponSystem.cpp">
      <Filter>Item Files\Weapon Files</Filter>
    </ClCompile>
    <ClCompile Include="Automatic.cpp">
      <Filter>Item Files\Weapon Files\Fire Modes</Filter>
    </ClCompile>
    <ClCompile Include="Beam.cpp">
      <Filter>Item Files\Weapon Files\Fire Modes</Filter>
    </ClCompile>
    <ClCompile Include="Burst.cpp">
      <Filter>Item Files\Weapon Files\Fire Modes</Filter>
    </ClCompile>
    <ClCompile Include="Charge.cpp">
      <Filter>Item Files\Weapon Files\Fire Modes</Filter>
    </ClCompile>
    <ClCompile Include="Detonate.cpp">
      <Filter>Item Files\Weapon Files\Fire Modes</Filter>
    </ClCompile>
    <ClCompile Include="FreezingBeam.cpp">
      <Filter>Item Files\Weapon Files\Fire Modes</Filter>
    </ClCompile>
    <ClCompile Include="Melee.cpp">
      <Filter>Item Files\Weapon Files\Fire Modes</Filter>
    </ClCompile>
    <ClCompile Include="Plant.cpp">
      <Filter>Item Files\Weapon Files\Fire Modes</Filter>
    </ClCompile>
    <ClCompile Include="Rapid.cpp">
      <Filter>Item Files\Weapon Files\Fire Modes</Filter>
    </ClCompile>
    <ClCompile Include="Scan.cpp">
      <Filter>Item Files\Weapon Files\Fire Modes</Filter>
    </ClCompile>
    <ClCompile Include="Shotgun.cpp">
      <Filter>Item Files\Weapon Files\Fire Modes</Filter>
    </ClCompile>
    <ClCompile Include="Single.cpp">
      <Filter>Item Files\Weapon Files\Fire Modes</Filter>
    </ClCompile>
    <ClCompile Include="SingleTG.cpp">
      <Filter>Item Files\Weapon Files\Fire Modes</Filter>
    </ClCompile>
    <ClCompile Include="Throw.cpp">
      <Filter>Item Files\Weapon Files\Fire Modes</Filter>
    </ClCompile>
    <ClCompile Include="WorkOnTarget.cpp">
      <Filter>Item Files\Weapon Files\Fire Modes</Filter>
    </ClCompile>
    <ClCompile Include="AVMine.cpp">
      <Filter>Item Files\Weapon Files\Projectiles</Filter>
    </ClCompile>
    <ClCompile Include="Bullet.cpp">
      <Filter>Item Files\Weapon Files\Projectiles</Filter>
    </ClCompile>
    <ClCompile Include="C4Projectile.cpp">
      <Filter>Item Files\Weapon Files\Projectiles</Filter>
    </ClCompile>
    <ClCompile Include="Claymore.cpp">
      <Filter>Item Files\Weapon Files\Projectiles</Filter>
    </ClCompile>
    <ClCompile Include="EMPField.cpp">
      <Filter>Item Files\Weapon Files\Projectiles</Filter>
    </ClCompile>
    <ClCompile Include="HomingMissile.cpp">
      <Filter>Item Files\Weapon Files\Projectiles</Filter>
    </ClCompile>
    <ClCompile Include="Rock.cpp">
      <Filter>Item Files\Weapon Files\Projectiles</Filter>
    </ClCompile>
    <ClCompile Include="Rocket.cpp">
      <Filter>Item Files\Weapon Files\Projectiles</Filter>
    </ClCompile>
    <ClCompile Include="TacBullet.cpp">
      <Filter>Item Files\Weapon Files\Projectiles</Filter>
    </ClCompile>
    <ClCompile Include="TagBullet.cpp">
      <Filter>Item Files\Weapon Files\Projectiles</Filter>
    </ClCompile>
    <ClCompile Include="IronSight.cpp">
      <Filter>Item Files\Weapon Files\Zoom Modes</Filter>
    </ClCompile>
    <ClCompile Include="Scope.cpp">
      <Filter>Item Files\Weapon Files\Zoom Modes</Filter>
    </ClCompile>
    <ClCompile Include="AmmoPickup.cpp">
      <Filter>Item Files\Weapon Files\Weapons</Filter>
    </ClCompile>
    <ClCompile Include="Binocular.cpp">
      <Filter>Item Files\Weapon Files\Weapons</Filter>
    </ClCompile>
    <ClCompile Include="C4.cpp">
      <Filter>Item Files\Weapon Files\Weapons</Filter>
    </ClCompile>
    <ClCompile Include="C4Detonator.cpp">
      <Filter>Item Files\Weapon Files\Weapons</Filter>
    </ClCompile>
    <ClCompile Include="DebugGun.cpp">
      <Filter>Item Files\Weapon Files\Weapons</Filter>
    </ClCompile>
    <ClCompile Include="Fists.cpp">
      <Filter>Item Files\Weapon Files\Weapons</Filter>
    </ClCompile>
    <ClCompile Include="GunTurret.cpp">
      <Filter>Item Files\Weapon Files\Weapons</Filter>
    </ClCompile>
    <ClCompile Include="OffHand.cpp">
      <Filter>Item Files\Weapon Files\Weapons</Filter>
    </ClCompile>
    <ClCompile Include="ReferenceWeapon.cpp">
      <Filter>Item Files\Weapon Files\Weapons</Filter>
    </ClCompile>
    <ClCompile Include="RocketLauncher.cpp">
      <Filter>Item Files\Weapon Files\Weapons</Filter>
    </ClCompile>
    <ClCompile Include="TacLauncher.cpp">
      <Filter>Item Files\Weapon Files\Weapons</Filter>
    </ClCompile>
    <ClCompile Include="ThrowableWeapon.cpp">
      <Filter>Item Files\Weapon Files\Weapons</Filter>
    </ClCompile>
    <ClCompile Include="VehicleWeapon.cpp">
      <Filter>Item Files\Weapon Files\Weapons</Filter>
    </ClCompile>
    <ClCompile Include="Lam.cpp">
      <Filter>Item Files\Items</Filter>
    </ClCompile>
    <ClCompile Include="PlayerFeature.cpp">
      <Filter>Item Files\Items</Filter>
    </ClCompile>
    <ClCompile Include="LaptopUtil.cpp">
      <Filter>Utility</Filter>
    </ClCompile>
    <ClCompile Include="NetInputChainDebug.cpp">
      <Filter>Utility</Filter>
    </ClCompile>
    <ClCompile Include="ScriptUtils.cpp">
      <Filter>Utility</Filter>
    </ClCompile>
    <ClCompile Include="Hud\GameFlashAnimation.cpp">
      <Filter>HUD</Filter>
    </ClCompile>
    <ClCompile Include="HUD\GameFlashLogic.cpp">
      <Filter>HUD</Filter>
    </ClCompile>
    <ClCompile Include="Hud\HUD.cpp">
      <Filter>HUD</Filter>
    </ClCompile>
    <ClCompile Include="HUD\HUDCommon.cpp">
      <Filter>HUD</Filter>
    </ClCompile>
    <ClCompile Include="HUD\HUDCrosshair.cpp">
      <Filter>HUD</Filter>
    </ClCompile>
    <ClCompile Include="HUD\HUDInstantAction.cpp">
      <Filter>HUD</Filter>
    </ClCompile>
    <ClCompile Include="HUD\HUDMissionObjectiveSystem.cpp">
      <Filter>HUD</Filter>
    </ClCompile>
    <ClCompile Include="HUD\HUDObituary.cpp">
      <Filter>HUD</Filter>
    </ClCompile>
    <ClCompile Include="Hud\HUDObject.cpp">
      <Filter>HUD</Filter>
    </ClCompile>
    <ClCompile Include="HUD\HUDPowerStruggle.cpp">
      <Filter>HUD</Filter>
    </ClCompile>
    <ClCompile Include="Hud\HUDRadar.cpp">
      <Filter>HUD</Filter>
    </ClCompile>
    <ClCompile Include="HUD\HUDScopes.cpp">
      <Filter>HUD</Filter>
    </ClCompile>
    <ClCompile Include="HUD\HUDScore.cpp">
      <Filter>HUD</Filter>
    </ClCompile>
    <ClCompile Include="HUD\HUDSilhouettes.cpp">
      <Filter>HUD</Filter>
    </ClCompile>
    <ClCompile Include="HUD\HUDTagNames.cpp">
      <Filter>HUD</Filter>
    </ClCompile>
    <ClCompile Include="HUD\HUDTeamInstantAction.cpp">
      <Filter>HUD</Filter>
    </ClCompile>
    <ClCompile Include="HUD\HUDTextArea.cpp">
      <Filter>HUD</Filter>
    </ClCompile>
    <ClCompile Include="HUD\HUDTextChat.cpp">
      <Filter>HUD</Filter>
    </ClCompile>
    <ClCompile Include="HUD\HUDVehicleInterface.cpp">
      <Filter>HUD</Filter>
    </ClCompile>
    <ClCompile Include="HUD\ScriptBind_HUD.cpp">
      <Filter>HUD</Filter>
    </ClCompile>
    <ClCompile Include="HUD\Tweaks\HUDTweakMenu.cpp">
      <Filter>HUD\Tweaks</Filter>
    </ClCompile>
    <ClCompile Include="HUD\Tweaks\TweakCommon.cpp">
      <Filter>HUD\Tweaks</Filter>
    </ClCompile>
    <ClCompile Include="HUD\Tweaks\TweakMenu.cpp">
      <Filter>HUD\Tweaks</Filter>
    </ClCompile>
    <ClCompile Include="HUD\Tweaks\TweakMetadata.cpp">
      <Filter>HUD\Tweaks</Filter>
    </ClCompile>
    <ClCompile Include="HUD\Tweaks\TweakMetadataCVAR.cpp">
      <Filter>HUD\Tweaks</Filter>
    </ClCompile>
    <ClCompile Include="HUD\Tweaks\TweakMetadataLUA.cpp">
      <Filter>HUD\Tweaks</Filter>
    </ClCompile>
    <ClCompile Include="HUD\Tweaks\TweakTraverser.cpp">
      <Filter>HUD\Tweaks</Filter>
    </ClCompile>
    <ClCompile Include="HUD\HUDAirStrike.cpp">
      <Filter>HUD\Main</Filter>
    </ClCompile>
    <ClCompile Include="HUD\HUDInterfaceEffects.cpp">
      <Filter>HUD\Main</Filter>
    </ClCompile>
    <ClCompile Include="HUD\HUDPDA.cpp">
      <Filter>HUD\Main</Filter>
    </ClCompile>
    <ClCompile Include="HUD\HUDSoundImpl.cpp">
      <Filter>HUD\Main</Filter>
    </ClCompile>
    <ClCompile Include="HUD\HUDTextEvents.cpp">
      <Filter>HUD\Main</Filter>
    </ClCompile>
    <ClCompile Include="HUD\HUDWeaponAccessories.cpp">
      <Filter>HUD\Main</Filter>
    </ClCompile>
    <ClCompile Include="GameRules.cpp">
      <Filter>GameRules</Filter>
    </ClCompile>
    <ClCompile Include="GameRulesClientServer.cpp">
      <Filter>GameRules</Filter>
    </ClCompile>
    <ClCompile Include="ScriptBind_GameRules.cpp">
      <Filter>GameRules</Filter>
    </ClCompile>
    <ClCompile Include="ShotValidator.cpp">
      <Filter>GameRules</Filter>
    </ClCompile>
    <ClCompile Include="Nodes\FlowActorSensor.cpp">
      <Filter>Nodes</Filter>
    </ClCompile>
    <ClCompile Include="Nodes\FlowFadeNode.cpp">
      <Filter>Nodes</Filter>
    </ClCompile>
    <ClCompile Include="Nodes\FlowHitInfoNode.cpp">
      <Filter>Nodes</Filter>
    </ClCompile>
    <ClCompile Include="Nodes\FlowNanoSuitNodes.cpp">
      <Filter>Nodes</Filter>
    </ClCompile>
    <ClCompile Include="Nodes\FlowPlayerStagingNode.cpp">
      <Filter>Nodes</Filter>
    </ClCompile>
    <ClCompile Include="Nodes\FlowPostFXNodes.cpp">
      <Filter>Nodes</Filter>
    </ClCompile>
    <ClCompile Include="FlowVehicleNodes.cpp">
      <Filter>Nodes</Filter>
    </ClCompile>
    <ClCompile Include="Nodes\HUDNodes.cpp">
      <Filter>Nodes</Filter>
    </ClCompile>
    <ClCompile Include="Nodes\MPNodes.cpp">
      <Filter>Nodes</Filter>
    </ClCompile>
    <ClCompile Include="Nodes\WeaponNodes.cpp">
      <Filter>Nodes</Filter>
    </ClCompile>
    <ClCompile Include="Menus\CreateGame.cpp">
      <Filter>Menus</Filter>
    </ClCompile>
    <ClCompile Include="Menus\FlashMenuObject.cpp">
      <Filter>Menus</Filter>
    </ClCompile>
    <ClCompile Include="Menus\FlashMenuObjectOptions.cpp">
      <Filter>Menus</Filter>
    </ClCompile>
    <ClCompile Include="Menus\FlashMenuObjectProfiles.cpp">
      <Filter>Menus</Filter>
    </ClCompile>
    <ClCompile Include="Menus\FlashMenuObjectSingleplayer.cpp">
      <Filter>Menus</Filter>
    </ClCompile>
    <ClCompile Include="Menus\FlashMenuScreen.cpp">
      <Filter>Menus</Filter>
    </ClCompile>
    <ClCompile Include="Menus\GameNetworkProfile.cpp">
      <Filter>Menus</Filter>
    </ClCompile>
    <ClCompile Include="Menus\MovieManager.cpp">
      <Filter>Menus</Filter>
    </ClCompile>
    <ClCompile Include="Menus\MPHub.cpp">
      <Filter>Menus</Filter>
    </ClCompile>
    <ClCompile Include="Menus\MPLobbyUI.cpp">
      <Filter>Menus</Filter>
    </ClCompile>
    <ClCompile Include="Menus\MultiplayerMenu.cpp">
      <Filter>Menus</Filter>
    </ClCompile>
    <ClCompile Include="Menus\OptionsManager.cpp">
      <Filter>Menus</Filter>
    </ClCompile>
    <ClCompile Include="Menus\QuickGame.cpp">
      <Filter>Menus</Filter>
    </ClCompile>
    <ClCompile Include="FlashAnimation.cpp">
      <Filter>Flash</Filter>
    </ClCompile>
    <ClCompile Include="LCD\LCDImage.cpp">
      <Filter>LCD</Filter>
    </ClCompile>
    <ClCompile Include="LCD\LCDPage.cpp">
      <Filter>LCD</Filter>
    </ClCompile>
    <ClCompile Include="LCD\LCDWrapper.cpp">
      <Filter>LCD</Filter>
    </ClCompile>
    <ClCompile Include="LCD\Pages\GameStatus.cpp">
      <Filter>LCD\Pages</Filter>
    </ClCompile>
    <ClCompile Include="LCD\Pages\PlayerStatus.cpp">
      <Filter>LCD\Pages</Filter>
    </ClCompile>
    <ClCompile Include="Expansion\Weapons\GrenadeLaunch.cpp">
      <Filter>Expansion\Weapons</Filter>
    </ClCompile>
    <ClCompile Include="Expansion\Weapons\RemoteGrenade.cpp">
      <Filter>Expansion\Weapons</Filter>
    </ClCompile>
    <ClCompile Include="DllMain.cpp" />
    <ClCompile Include="StdAfx.cpp" />
    <ClCompile Include="Nodes\FGPS\FlowEntityScreenPos.cpp">
      <Filter>Nodes\FGPS</Filter>
    </ClCompile>
    <ClCompile Include="Nodes\FGPS\FlowIterator1.cpp">
      <Filter>Nodes\FGPS</Filter>
    </ClCompile>
    <ClCompile Include="Nodes\FGPS\FlowLookAtNode.cpp">
      <Filter>Nodes\FGPS</Filter>
    </ClCompile>
    <ClCompile Include="Nodes\FGPS\FlowSequin.cpp">
      <Filter>Nodes\FGPS</Filter>
    </ClCompile>
    <ClCompile Include="Nodes\FGPS\FlowSpawnEntity.cpp">
      <Filter>Nodes\FGPS</Filter>
    </ClCompile>
    <ClCompile Include="Nodes\FGPS\FlowStringCombine.cpp">
      <Filter>Nodes\FGPS</Filter>
    </ClCompile>
    <ClCompile Include="Nodes\FGPS\FlowFlashHUD.cpp">
      <Filter>Nodes\FGPS</Filter>
    </ClCompile>
    <ClCompile Include="VehicleMovementAlienGunship.cpp">
      <Filter>Vehicle Files\Movement Files</Filter>
    </ClCompile>
    <ClCompile Include="TheOtherSide\Squad\SquadInput.cpp">
      <Filter>TheOtherSide\Squad</Filter>
    </ClCompile>
    <ClCompile Include="TheOtherSide\Squad\SquadSystem.cpp">
      <Filter>TheOtherSide\Squad</Filter>
    </ClCompile>
    <ClCompile Include="TheOtherSide\Nodes\TOSAbilityNodes.cpp">
      <Filter>TheOtherSide\Nodes</Filter>
    </ClCompile>
    <ClCompile Include="TheOtherSide\Nodes\TOSControlNodes.cpp">
      <Filter>TheOtherSide\Nodes</Filter>
    </ClCompile>
    <ClCompile Include="TheOtherSide\Nodes\TOSSquadNodes.cpp">
      <Filter>TheOtherSide\Nodes</Filter>
    </ClCompile>
    <ClCompile Include="TheOtherSide\Control\ControlAction.cpp">
      <Filter>TheOtherSide\Control</Filter>
    </ClCompile>
    <ClCompile Include="TheOtherSide\Control\ControlClient.cpp">
      <Filter>TheOtherSide\Control</Filter>
    </ClCompile>
    <ClCompile Include="TheOtherSide\Control\ControlSystem.cpp">
      <Filter>TheOtherSide\Control</Filter>
    </ClCompile>
    <ClCompile Include="TheOtherSide\Abilities\AbilitiesSystem.cpp">
      <Filter>TheOtherSide\Abilities</Filter>
    </ClCompile>
    <ClCompile Include="TheOtherSide\Nodes\TOSKayriatNodes.cpp">
      <Filter>TheOtherSide\Nodes</Filter>
    </ClCompile>
    <ClCompile Include="TheOtherSide\Squad\Member.cpp">
      <Filter>TheOtherSide\Squad</Filter>
    </ClCompile>
    <ClCompile Include="TheOtherSide\Squad\Squad.cpp">
      <Filter>TheOtherSide\Squad</Filter>
    </ClCompile>
    <ClCompile Include="TheOtherSide\Nodes\TOSConquerorNodes.cpp">
      <Filter>TheOtherSide\Nodes</Filter>
    </ClCompile>
    <ClCompile Include="TheOtherSide\Control\NetControlClient.cpp">
      <Filter>TheOtherSide\Control</Filter>
    </ClCompile>
    <ClCompile Include="Nodes\FGPS\FlowMouseInfo.cpp">
      <Filter>Nodes\FGPS</Filter>
    </ClCompile>
    <ClCompile Include="TheOtherSide\Conqueror\ConquerorChannel.cpp">
      <Filter>TheOtherSide\Conqueror</Filter>
    </ClCompile>
    <ClCompile Include="TheOtherSide\Item Files\Weapon Files\Projectiles\KvoltBullet.cpp">
      <Filter>TheOtherSide\Item Files\Weapon Files\Projectiles</Filter>
    </ClCompile>
    <ClCompile Include="TheOtherSide\Squad\Order.cpp">
      <Filter>TheOtherSide\Squad</Filter>
    </ClCompile>
    <ClCompile Include="TheOtherSide\Conqueror\SpawnPoint.cpp">
      <Filter>TheOtherSide\Conqueror</Filter>
    </ClCompile>
    <ClCompile Include="TheOtherSide\Abilities\AbilityOwner.cpp">
      <Filter>TheOtherSide\Abilities</Filter>
    </ClCompile>
    <ClCompile Include="TheOtherSide\Abilities\Ability.cpp">
      <Filter>TheOtherSide\Abilities</Filter>
    </ClCompile>
    <ClCompile Include="TheOtherSide\Conqueror\ConquerorCommander.cpp">
      <Filter>TheOtherSide\Conqueror</Filter>
    </ClCompile>
    <ClCompile Include="TheOtherSide\Conqueror\StrategicArea.cpp">
      <Filter>TheOtherSide\Conqueror</Filter>
    </ClCompile>
    <ClCompile Include="TheOtherSide\Conqueror\CommanderOrder.cpp">
      <Filter>TheOtherSide\Conqueror</Filter>
    </ClCompile>
    <ClCompile Include="TheOtherSide\Actor Files\Drone.cpp">
      <Filter>TheOtherSide\Actor Files\aliens</Filter>
    </ClCompile>
    <ClCompile Include="TheOtherSide\Actor Files\Pinger.cpp">
      <Filter>TheOtherSide\Actor Files\aliens</Filter>
    </ClCompile>
    <ClCompile Include="TheOtherSide\Conqueror\AreaVehicleSpawnPoint.cpp">
      <Filter>TheOtherSide\Conqueror</Filter>
    </ClCompile>
    <ClCompile Include="TheOtherSide\Conqueror\RequestsAndResponses\Executor.cpp">
      <Filter>TheOtherSide\Conqueror\RequestsAndResponses</Filter>
    </ClCompile>
    <ClCompile Include="TheOtherSide\Conqueror\RequestsAndResponses\RARSystem.cpp">
      <Filter>TheOtherSide\Conqueror\RequestsAndResponses</Filter>
    </ClCompile>
    <ClCompile Include="TheOtherSide\Conqueror\ConquerorSystem.cpp">
      <Filter>TheOtherSide\Conqueror</Filter>
    </ClCompile>
    <ClCompile Include="TheOtherSide\Item Files\Fire Modes\LaserBeam.cpp">
      <Filter>TheOtherSide\Item Files\Fire Modes</Filter>
    </ClCompile>
    <ClCompile Include="TheOtherSide\AI Files\AIActionTracker.cpp">
      <Filter>TheOtherSide\AI Files</Filter>
    </ClCompile>
    <ClCompile Include="TheOtherSide\Conqueror\ConquerorShop.cpp">
      <Filter>TheOtherSide\Conqueror</Filter>
    </ClCompile>
  </ItemGroup>
  <ItemGroup>
    <ClInclude Include="Actor.h">
      <Filter>Actor Files</Filter>
    </ClInclude>
    <ClInclude Include="AIDemoInput.h">
      <Filter>Actor Files</Filter>
    </ClInclude>
    <ClInclude Include="ScreenEffects.h">
      <Filter>Actor Files</Filter>
    </ClInclude>
    <ClInclude Include="ScriptBind_Actor.h">
      <Filter>Actor Files</Filter>
    </ClInclude>
    <ClInclude Include="Shark.h">
      <Filter>Actor Files</Filter>
    </ClInclude>
    <ClInclude Include="SharkMovementController.h">
      <Filter>Actor Files</Filter>
    </ClInclude>
    <ClInclude Include="IPlayerInput.h">
      <Filter>Actor Files\player</Filter>
    </ClInclude>
    <ClInclude Include="NanoSuit.h">
      <Filter>Actor Files\player</Filter>
    </ClInclude>
    <ClInclude Include="NetPlayerInput.h">
      <Filter>Actor Files\player</Filter>
    </ClInclude>
    <ClInclude Include="Player.h">
      <Filter>Actor Files\player</Filter>
    </ClInclude>
    <ClInclude Include="PlayerInput.h">
      <Filter>Actor Files\player</Filter>
    </ClInclude>
    <ClInclude Include="PlayerMovement.h">
      <Filter>Actor Files\player</Filter>
    </ClInclude>
    <ClInclude Include="PlayerMovementController.h">
      <Filter>Actor Files\player</Filter>
    </ClInclude>
    <ClInclude Include="PlayerRotation.h">
      <Filter>Actor Files\player</Filter>
    </ClInclude>
    <ClInclude Include="PlayerView.h">
      <Filter>Actor Files\player</Filter>
    </ClInclude>
    <ClInclude Include="WeaponAttachmentManager.h">
      <Filter>Actor Files\player</Filter>
    </ClInclude>
    <ClInclude Include="CompatibilityAlienMovementController.h">
      <Filter>Actor Files\aliens</Filter>
    </ClInclude>
    <ClInclude Include="Hunter.h">
      <Filter>Actor Files\aliens</Filter>
    </ClInclude>
    <ClInclude Include="Observer.h">
      <Filter>Actor Files\aliens</Filter>
    </ClInclude>
    <ClInclude Include="Scout.h">
      <Filter>Actor Files\aliens</Filter>
    </ClInclude>
    <ClInclude Include="Trooper.h">
      <Filter>Actor Files\aliens</Filter>
    </ClInclude>
    <ClInclude Include="GrabHandler.h">
      <Filter>Actor Files\grab</Filter>
    </ClInclude>
    <ClInclude Include="BulletTime.h">
      <Filter>Game Files</Filter>
    </ClInclude>
    <ClInclude Include="ClientSynchedStorage.h">
      <Filter>Game Files</Filter>
    </ClInclude>
    <ClInclude Include="DownloadTask.h">
      <Filter>Game Files</Filter>
    </ClInclude>
    <ClInclude Include="Game.h">
      <Filter>Game Files</Filter>
    </ClInclude>
    <ClInclude Include="GameActions.h">
      <Filter>Game Files</Filter>
    </ClInclude>
    <ClInclude Include="GameCVars.h">
      <Filter>Game Files</Filter>
    </ClInclude>
    <ClInclude Include="GameFactory.h">
      <Filter>Game Files</Filter>
    </ClInclude>
    <ClInclude Include="MPTutorial.h">
      <Filter>Game Files</Filter>
    </ClInclude>
    <ClInclude Include="Radio.h">
      <Filter>Game Files</Filter>
    </ClInclude>
    <ClInclude Include="ScriptBind_Game.h">
      <Filter>Game Files</Filter>
    </ClInclude>
    <ClInclude Include="ScriptControlledPhysics.h">
      <Filter>Game Files</Filter>
    </ClInclude>
    <ClInclude Include="ServerSynchedStorage.h">
      <Filter>Game Files</Filter>
    </ClInclude>
    <ClInclude Include="SoundMoods.h">
      <Filter>Game Files</Filter>
    </ClInclude>
    <ClInclude Include="SPAnalyst.h">
      <Filter>Game Files</Filter>
    </ClInclude>
    <ClInclude Include="SynchedStorage.h">
      <Filter>Game Files</Filter>
    </ClInclude>
    <ClInclude Include="Voting.h">
      <Filter>Game Files</Filter>
    </ClInclude>
    <ClInclude Include="Environment\BattleDust.h">
      <Filter>Game Files\Environment</Filter>
    </ClInclude>
    <ClInclude Include="Environment\Shake.h">
      <Filter>Game Files\Environment</Filter>
    </ClInclude>
    <ClInclude Include="Environment\FlowTornado.h">
      <Filter>Game Files\Environment\Tornado</Filter>
    </ClInclude>
    <ClInclude Include="Environment\Tornado.h">
      <Filter>Game Files\Environment\Tornado</Filter>
    </ClInclude>
    <ClInclude Include="VehicleClient.h">
      <Filter>Vehicle Files</Filter>
    </ClInclude>
    <ClInclude Include="VehicleMovementTweaks.h">
      <Filter>Vehicle Files</Filter>
    </ClInclude>
    <ClInclude Include="VehicleMovementAmphibious.h">
      <Filter>Vehicle Files\Movement Files</Filter>
    </ClInclude>
    <ClInclude Include="VehicleMovementBase.h">
      <Filter>Vehicle Files\Movement Files</Filter>
    </ClInclude>
    <ClInclude Include="VehicleMovementHelicopter.h">
      <Filter>Vehicle Files\Movement Files</Filter>
    </ClInclude>
    <ClInclude Include="VehicleMovementHovercraft.h">
      <Filter>Vehicle Files\Movement Files</Filter>
    </ClInclude>
    <ClInclude Include="VehicleMovementStdBoat.h">
      <Filter>Vehicle Files\Movement Files</Filter>
    </ClInclude>
    <ClInclude Include="VehicleMovementStdWheeled.h">
      <Filter>Vehicle Files\Movement Files</Filter>
    </ClInclude>
    <ClInclude Include="VehicleMovementTank.h">
      <Filter>Vehicle Files\Movement Files</Filter>
    </ClInclude>
    <ClInclude Include="VehicleMovementVTOL.h">
      <Filter>Vehicle Files\Movement Files</Filter>
    </ClInclude>
    <ClInclude Include="VehicleMovementWarrior.h">
      <Filter>Vehicle Files\Movement Files</Filter>
    </ClInclude>
    <ClInclude Include="VehicleDamageBehaviorBurn.h">
      <Filter>Vehicle Files\Damage Files</Filter>
    </ClInclude>
    <ClInclude Include="VehicleDamageBehaviorCameraShake.h">
      <Filter>Vehicle Files\Damage Files</Filter>
    </ClInclude>
    <ClInclude Include="VehicleDamageBehaviorCollisionEx.h">
      <Filter>Vehicle Files\Damage Files</Filter>
    </ClInclude>
    <ClInclude Include="VehicleDamageBehaviorExplosion.h">
      <Filter>Vehicle Files\Damage Files</Filter>
    </ClInclude>
    <ClInclude Include="VehicleDamageBehaviorTire.h">
      <Filter>Vehicle Files\Damage Files</Filter>
    </ClInclude>
    <ClInclude Include="VehicleActionAutomaticDoor.h">
      <Filter>Vehicle Files\Action Files</Filter>
    </ClInclude>
    <ClInclude Include="VehicleActionDeployRope.h">
      <Filter>Vehicle Files\Action Files</Filter>
    </ClInclude>
    <ClInclude Include="VehicleActionEntityAttachment.h">
      <Filter>Vehicle Files\Action Files</Filter>
    </ClInclude>
    <ClInclude Include="VehicleActionLandingGears.h">
      <Filter>Vehicle Files\Action Files</Filter>
    </ClInclude>
    <ClInclude Include="FlowItemAnimation.h">
      <Filter>Item Files</Filter>
    </ClInclude>
    <ClInclude Include="Item.h">
      <Filter>Item Files</Filter>
    </ClInclude>
    <ClInclude Include="ItemParamReader.h">
      <Filter>Item Files</Filter>
    </ClInclude>
    <ClInclude Include="ItemScheduler.h">
      <Filter>Item Files</Filter>
    </ClInclude>
    <ClInclude Include="ItemSharedParams.h">
      <Filter>Item Files</Filter>
    </ClInclude>
    <ClInclude Include="ItemString.h">
      <Filter>Item Files</Filter>
    </ClInclude>
    <ClInclude Include="ScriptBind_Item.h">
      <Filter>Item Files</Filter>
    </ClInclude>
    <ClInclude Include="AmmoParams.h">
      <Filter>Item Files\Weapon Files</Filter>
    </ClInclude>
    <ClInclude Include="Projectile.h">
      <Filter>Item Files\Weapon Files</Filter>
    </ClInclude>
    <ClInclude Include="ScriptBind_Weapon.h">
      <Filter>Item Files\Weapon Files</Filter>
    </ClInclude>
    <ClInclude Include="TracerManager.h">
      <Filter>Item Files\Weapon Files</Filter>
    </ClInclude>
    <ClInclude Include="Weapon.h">
      <Filter>Item Files\Weapon Files</Filter>
    </ClInclude>
    <ClInclude Include="WeaponSystem.h">
      <Filter>Item Files\Weapon Files</Filter>
    </ClInclude>
    <ClInclude Include="Automatic.h">
      <Filter>Item Files\Weapon Files\Fire Modes</Filter>
    </ClInclude>
    <ClInclude Include="Beam.h">
      <Filter>Item Files\Weapon Files\Fire Modes</Filter>
    </ClInclude>
    <ClInclude Include="Burst.h">
      <Filter>Item Files\Weapon Files\Fire Modes</Filter>
    </ClInclude>
    <ClInclude Include="Charge.h">
      <Filter>Item Files\Weapon Files\Fire Modes</Filter>
    </ClInclude>
    <ClInclude Include="Detonate.h">
      <Filter>Item Files\Weapon Files\Fire Modes</Filter>
    </ClInclude>
    <ClInclude Include="FreezingBeam.h">
      <Filter>Item Files\Weapon Files\Fire Modes</Filter>
    </ClInclude>
    <ClInclude Include="Melee.h">
      <Filter>Item Files\Weapon Files\Fire Modes</Filter>
    </ClInclude>
    <ClInclude Include="Plant.h">
      <Filter>Item Files\Weapon Files\Fire Modes</Filter>
    </ClInclude>
    <ClInclude Include="Rapid.h">
      <Filter>Item Files\Weapon Files\Fire Modes</Filter>
    </ClInclude>
    <ClInclude Include="Scan.h">
      <Filter>Item Files\Weapon Files\Fire Modes</Filter>
    </ClInclude>
    <ClInclude Include="Shotgun.h">
      <Filter>Item Files\Weapon Files\Fire Modes</Filter>
    </ClInclude>
    <ClInclude Include="Single.h">
      <Filter>Item Files\Weapon Files\Fire Modes</Filter>
    </ClInclude>
    <ClInclude Include="SingleTG.h">
      <Filter>Item Files\Weapon Files\Fire Modes</Filter>
    </ClInclude>
    <ClInclude Include="Throw.h">
      <Filter>Item Files\Weapon Files\Fire Modes</Filter>
    </ClInclude>
    <ClInclude Include="WorkOnTarget.h">
      <Filter>Item Files\Weapon Files\Fire Modes</Filter>
    </ClInclude>
    <ClInclude Include="AVMine.h">
      <Filter>Item Files\Weapon Files\Projectiles</Filter>
    </ClInclude>
    <ClInclude Include="Bullet.h">
      <Filter>Item Files\Weapon Files\Projectiles</Filter>
    </ClInclude>
    <ClInclude Include="C4Projectile.h">
      <Filter>Item Files\Weapon Files\Projectiles</Filter>
    </ClInclude>
    <ClInclude Include="Claymore.h">
      <Filter>Item Files\Weapon Files\Projectiles</Filter>
    </ClInclude>
    <ClInclude Include="EMPField.h">
      <Filter>Item Files\Weapon Files\Projectiles</Filter>
    </ClInclude>
    <ClInclude Include="HomingMissile.h">
      <Filter>Item Files\Weapon Files\Projectiles</Filter>
    </ClInclude>
    <ClInclude Include="Rock.h">
      <Filter>Item Files\Weapon Files\Projectiles</Filter>
    </ClInclude>
    <ClInclude Include="Rocket.h">
      <Filter>Item Files\Weapon Files\Projectiles</Filter>
    </ClInclude>
    <ClInclude Include="TacBullet.h">
      <Filter>Item Files\Weapon Files\Projectiles</Filter>
    </ClInclude>
    <ClInclude Include="TagBullet.h">
      <Filter>Item Files\Weapon Files\Projectiles</Filter>
    </ClInclude>
    <ClInclude Include="IronSight.h">
      <Filter>Item Files\Weapon Files\Zoom Modes</Filter>
    </ClInclude>
    <ClInclude Include="Scope.h">
      <Filter>Item Files\Weapon Files\Zoom Modes</Filter>
    </ClInclude>
    <ClInclude Include="AmmoPickup.h">
      <Filter>Item Files\Weapon Files\Weapons</Filter>
    </ClInclude>
    <ClInclude Include="Binocular.h">
      <Filter>Item Files\Weapon Files\Weapons</Filter>
    </ClInclude>
    <ClInclude Include="C4.h">
      <Filter>Item Files\Weapon Files\Weapons</Filter>
    </ClInclude>
    <ClInclude Include="C4Detonator.h">
      <Filter>Item Files\Weapon Files\Weapons</Filter>
    </ClInclude>
    <ClInclude Include="DebugGun.h">
      <Filter>Item Files\Weapon Files\Weapons</Filter>
    </ClInclude>
    <ClInclude Include="Fists.h">
      <Filter>Item Files\Weapon Files\Weapons</Filter>
    </ClInclude>
    <ClInclude Include="GunTurret.h">
      <Filter>Item Files\Weapon Files\Weapons</Filter>
    </ClInclude>
    <ClInclude Include="OffHand.h">
      <Filter>Item Files\Weapon Files\Weapons</Filter>
    </ClInclude>
    <ClInclude Include="ReferenceWeapon.h">
      <Filter>Item Files\Weapon Files\Weapons</Filter>
    </ClInclude>
    <ClInclude Include="RocketLauncher.h">
      <Filter>Item Files\Weapon Files\Weapons</Filter>
    </ClInclude>
    <ClInclude Include="TacLauncher.h">
      <Filter>Item Files\Weapon Files\Weapons</Filter>
    </ClInclude>
    <ClInclude Include="ThrowableWeapon.h">
      <Filter>Item Files\Weapon Files\Weapons</Filter>
    </ClInclude>
    <ClInclude Include="VehicleWeapon.h">
      <Filter>Item Files\Weapon Files\Weapons</Filter>
    </ClInclude>
    <ClInclude Include="Lam.h">
      <Filter>Item Files\Items</Filter>
    </ClInclude>
    <ClInclude Include="PlayerFeature.h">
      <Filter>Item Files\Items</Filter>
    </ClInclude>
    <ClInclude Include="LaptopUtil.h">
      <Filter>Utility</Filter>
    </ClInclude>
    <ClInclude Include="NetInputChainDebug.h">
      <Filter>Utility</Filter>
    </ClInclude>
    <ClInclude Include="ScriptUtils.h">
      <Filter>Utility</Filter>
    </ClInclude>
    <ClInclude Include="HUD\FlashPlayerNULL.h">
      <Filter>HUD</Filter>
    </ClInclude>
    <ClInclude Include="Hud\GameFlashAnimation.h">
      <Filter>HUD</Filter>
    </ClInclude>
    <ClInclude Include="HUD\GameFlashLogic.h">
      <Filter>HUD</Filter>
    </ClInclude>
    <ClInclude Include="Hud\HUD.h">
      <Filter>HUD</Filter>
    </ClInclude>
    <ClInclude Include="HUD\HUDCommon.h">
      <Filter>HUD</Filter>
    </ClInclude>
    <ClInclude Include="HUD\HUDCrosshair.h">
      <Filter>HUD</Filter>
    </ClInclude>
    <ClInclude Include="HUD\HUDEnums.h">
      <Filter>HUD</Filter>
    </ClInclude>
    <ClInclude Include="HUD\HUDInstantAction.h">
      <Filter>HUD</Filter>
    </ClInclude>
    <ClInclude Include="HUD\HUDMissionObjectiveSystem.h">
      <Filter>HUD</Filter>
    </ClInclude>
    <ClInclude Include="HUD\HUDObituary.h">
      <Filter>HUD</Filter>
    </ClInclude>
    <ClInclude Include="Hud\HUDObject.h">
      <Filter>HUD</Filter>
    </ClInclude>
    <ClInclude Include="HUD\HUDPowerStruggle.h">
      <Filter>HUD</Filter>
    </ClInclude>
    <ClInclude Include="Hud\HUDRadar.h">
      <Filter>HUD</Filter>
    </ClInclude>
    <ClInclude Include="HUD\HUDScopes.h">
      <Filter>HUD</Filter>
    </ClInclude>
    <ClInclude Include="HUD\HUDScore.h">
      <Filter>HUD</Filter>
    </ClInclude>
    <ClInclude Include="HUD\HUDSilhouettes.h">
      <Filter>HUD</Filter>
    </ClInclude>
    <ClInclude Include="HUD\HUDTagNames.h">
      <Filter>HUD</Filter>
    </ClInclude>
    <ClInclude Include="HUD\HUDTeamInstantAction.h">
      <Filter>HUD</Filter>
    </ClInclude>
    <ClInclude Include="HUD\HUDTextArea.h">
      <Filter>HUD</Filter>
    </ClInclude>
    <ClInclude Include="HUD\HUDTextChat.h">
      <Filter>HUD</Filter>
    </ClInclude>
    <ClInclude Include="HUD\HUDVehicleInterface.h">
      <Filter>HUD</Filter>
    </ClInclude>
    <ClInclude Include="HUD\ScriptBind_HUD.h">
      <Filter>HUD</Filter>
    </ClInclude>
    <ClInclude Include="HUD\Tweaks\HUDTweakMenu.h">
      <Filter>HUD\Tweaks</Filter>
    </ClInclude>
    <ClInclude Include="HUD\Tweaks\TweakCommon.h">
      <Filter>HUD\Tweaks</Filter>
    </ClInclude>
    <ClInclude Include="HUD\Tweaks\TweakMenu.h">
      <Filter>HUD\Tweaks</Filter>
    </ClInclude>
    <ClInclude Include="HUD\Tweaks\TweakMetadata.h">
      <Filter>HUD\Tweaks</Filter>
    </ClInclude>
    <ClInclude Include="HUD\Tweaks\TweakMetadataCVAR.h">
      <Filter>HUD\Tweaks</Filter>
    </ClInclude>
    <ClInclude Include="HUD\Tweaks\TweakMetadataLUA.h">
      <Filter>HUD\Tweaks</Filter>
    </ClInclude>
    <ClInclude Include="HUD\Tweaks\TweakTraverser.h">
      <Filter>HUD\Tweaks</Filter>
    </ClInclude>
    <ClInclude Include="GameRules.h">
      <Filter>GameRules</Filter>
    </ClInclude>
    <ClInclude Include="ScriptBind_GameRules.h">
      <Filter>GameRules</Filter>
    </ClInclude>
    <ClInclude Include="ShotValidator.h">
      <Filter>GameRules</Filter>
    </ClInclude>
    <ClInclude Include="Nodes\G2FlowBaseNode.h">
      <Filter>Nodes</Filter>
    </ClInclude>
    <ClInclude Include="Menus\CreateGame.h">
      <Filter>Menus</Filter>
    </ClInclude>
    <ClInclude Include="Menus\FlashMenuObject.h">
      <Filter>Menus</Filter>
    </ClInclude>
    <ClInclude Include="Menus\FlashMenuScreen.h">
      <Filter>Menus</Filter>
    </ClInclude>
    <ClInclude Include="Menus\GameNetworkProfile.h">
      <Filter>Menus</Filter>
    </ClInclude>
    <ClInclude Include="Menus\MovieManager.h">
      <Filter>Menus</Filter>
    </ClInclude>
    <ClInclude Include="Menus\MPHub.h">
      <Filter>Menus</Filter>
    </ClInclude>
    <ClInclude Include="Menus\MPLobbyUI.h">
      <Filter>Menus</Filter>
    </ClInclude>
    <ClInclude Include="Menus\MultiplayerMenu.h">
      <Filter>Menus</Filter>
    </ClInclude>
    <ClInclude Include="Menus\OptionsManager.h">
      <Filter>Menus</Filter>
    </ClInclude>
    <ClInclude Include="Menus\QuickGame.h">
      <Filter>Menus</Filter>
    </ClInclude>
    <ClInclude Include="FlashAnimation.h">
      <Filter>Flash</Filter>
    </ClInclude>
    <ClInclude Include="LCD\ILCD.h">
      <Filter>LCD</Filter>
    </ClInclude>
    <ClInclude Include="LCD\LCDImage.h">
      <Filter>LCD</Filter>
    </ClInclude>
    <ClInclude Include="LCD\LCDPage.h">
      <Filter>LCD</Filter>
    </ClInclude>
    <ClInclude Include="LCD\LCDWrapper.h">
      <Filter>LCD</Filter>
    </ClInclude>
    <ClInclude Include="LCD\Pages\GameStatus.h">
      <Filter>LCD\Pages</Filter>
    </ClInclude>
    <ClInclude Include="LCD\Pages\Loading.h">
      <Filter>LCD\Pages</Filter>
    </ClInclude>
    <ClInclude Include="LCD\Pages\Logo.h">
      <Filter>LCD\Pages</Filter>
    </ClInclude>
    <ClInclude Include="LCD\Pages\PlayerStatus.h">
      <Filter>LCD\Pages</Filter>
    </ClInclude>
    <ClInclude Include="resource.h">
      <Filter>Resources\G15\Items</Filter>
    </ClInclude>
    <ClInclude Include="Expansion\Weapons\GrenadeLaunch.h">
      <Filter>Expansion\Weapons</Filter>
    </ClInclude>
    <ClInclude Include="Expansion\Weapons\RemoteGrenade.h">
      <Filter>Expansion\Weapons</Filter>
    </ClInclude>
    <ClInclude Include="StdAfx.h" />
    <ClInclude Include="Nodes\FGPS\FlowSystemCvarsC3.h">
      <Filter>Nodes\FGPS</Filter>
    </ClInclude>
    <ClInclude Include="VehicleMovementAlienGunship.h">
      <Filter>Vehicle Files\Movement Files</Filter>
    </ClInclude>
    <ClInclude Include="TheOtherSide\Squad\SquadSystem.h">
      <Filter>TheOtherSide\Squad</Filter>
    </ClInclude>
    <ClInclude Include="TheOtherSide\Conqueror\StrategicArea.h">
      <Filter>TheOtherSide\Conqueror</Filter>
    </ClInclude>
    <ClInclude Include="TheOtherSide\Abilities\AbilitiesSystem.h">
      <Filter>TheOtherSide\Abilities</Filter>
    </ClInclude>
    <ClInclude Include="TheOtherSide\Nodes\TOSKayriatNodes.h">
      <Filter>TheOtherSide\Nodes</Filter>
    </ClInclude>
    <ClInclude Include="TheOtherSide\Control\ControlSystem.h">
      <Filter>TheOtherSide\Control</Filter>
    </ClInclude>
    <ClInclude Include="TheOtherSide\Nodes\TOSNodesIncludes.h">
      <Filter>TheOtherSide\Nodes</Filter>
    </ClInclude>
    <ClInclude Include="TheOtherSide\Conqueror\ConquerorSystem.h">
      <Filter>TheOtherSide\Conqueror</Filter>
    </ClInclude>
    <ClInclude Include="TheOtherSide\Conqueror\ConquerorChannel.h">
      <Filter>TheOtherSide\Conqueror</Filter>
    </ClInclude>
    <ClInclude Include="TheOtherSide\Conqueror\ConquerorSpeciesClass.h">
      <Filter>TheOtherSide\Conqueror</Filter>
    </ClInclude>
    <ClInclude Include="TheOtherSide\Item Files\Weapon Files\Projectiles\KvoltBullet.h">
      <Filter>TheOtherSide\Item Files\Weapon Files\Projectiles</Filter>
    </ClInclude>
    <ClInclude Include="TheOtherSide\Helpers\TOS_Debug.h">
      <Filter>TheOtherSide\Helpers</Filter>
    </ClInclude>
    <ClInclude Include="TheOtherSide\Helpers\TOS_AI.h">
      <Filter>TheOtherSide\Helpers</Filter>
    </ClInclude>
    <ClInclude Include="TheOtherSide\Helpers\TOS_Vehicle.h">
      <Filter>TheOtherSide\Helpers</Filter>
    </ClInclude>
    <ClInclude Include="TheOtherSide\Conqueror\SpawnPoint.h">
      <Filter>TheOtherSide\Conqueror</Filter>
    </ClInclude>
    <ClInclude Include="TheOtherSide\Abilities\AbilityOwner.h">
      <Filter>TheOtherSide\Abilities</Filter>
    </ClInclude>
    <ClInclude Include="TheOtherSide\Abilities\Ability.h">
      <Filter>TheOtherSide\Abilities</Filter>
    </ClInclude>
    <ClInclude Include="TheOtherSide\Conqueror\ConquerorCommander.h">
      <Filter>TheOtherSide\Conqueror</Filter>
    </ClInclude>
    <ClInclude Include="TheOtherSide\Helpers\TOS_Inventory.h">
      <Filter>TheOtherSide\Helpers</Filter>
    </ClInclude>
    <ClInclude Include="TheOtherSide\Conqueror\CommanderOrder.h">
      <Filter>TheOtherSide\Conqueror</Filter>
    </ClInclude>
    <ClInclude Include="TheOtherSide\Conqueror\ConquerorStrategy.h">
      <Filter>TheOtherSide\Conqueror</Filter>
    </ClInclude>
    <ClInclude Include="TheOtherSide\Helpers\TOS_Enums.h">
      <Filter>TheOtherSide\Helpers</Filter>
    </ClInclude>
    <ClInclude Include="TheOtherSide\Helpers\TOS_Script.h">
      <Filter>TheOtherSide\Helpers</Filter>
    </ClInclude>
    <ClInclude Include="TheOtherSide\Helpers\TOS_Sounds.h">
      <Filter>TheOtherSide\Helpers</Filter>
    </ClInclude>
    <ClInclude Include="TheOtherSide\Actor Files\Drone.h">
      <Filter>TheOtherSide\Actor Files\aliens</Filter>
    </ClInclude>
    <ClInclude Include="TheOtherSide\Actor Files\Pinger.h">
      <Filter>TheOtherSide\Actor Files\aliens</Filter>
    </ClInclude>
    <ClInclude Include="TheOtherSide\Conqueror\AreaVehicleSpawnPoint.h">
      <Filter>TheOtherSide\Conqueror</Filter>
    </ClInclude>
    <ClInclude Include="TheOtherSide\Helpers\TOS_STL.h">
      <Filter>TheOtherSide\Helpers</Filter>
    </ClInclude>
    <ClInclude Include="TheOtherSide\Conqueror\RequestsAndResponses\Executor.h">
      <Filter>TheOtherSide\Conqueror\RequestsAndResponses</Filter>
    </ClInclude>
    <ClInclude Include="TheOtherSide\Conqueror\RequestsAndResponses\RARSystem.h">
      <Filter>TheOtherSide\Conqueror\RequestsAndResponses</Filter>
    </ClInclude>
    <ClInclude Include="TheOtherSide\Conqueror\RequestsAndResponses\Request.h">
      <Filter>TheOtherSide\Conqueror\RequestsAndResponses</Filter>
    </ClInclude>
    <ClInclude Include="TheOtherSide\Control\IControlSystemChild.h">
      <Filter>TheOtherSide\Control</Filter>
    </ClInclude>
    <ClInclude Include="TheOtherSide\Item Files\Fire Modes\LaserBeam.h">
      <Filter>TheOtherSide\Item Files\Fire Modes</Filter>
    </ClInclude>
    <ClInclude Include="TheOtherSide\AI Files\AIActionTracker.h">
      <Filter>TheOtherSide\AI Files</Filter>
    </ClInclude>
    <ClInclude Include="TheOtherSide\AI Files\IAIActionTrackerListener.h">
      <Filter>TheOtherSide\AI Files</Filter>
    </ClInclude>
    <ClInclude Include="TheOtherSide\Conqueror\ConquerorShop.h">
      <Filter>TheOtherSide\Conqueror</Filter>
    </ClInclude>
  </ItemGroup>
  <ItemGroup>
    <None Include="GameActions.actions">
      <Filter>Game Files</Filter>
    </None>
    <None Include="..\Launcher\Cursor_White.cur">
      <Filter>Resources</Filter>
    </None>
    <None Include="Cursor_White.cur" />
    <None Include="cpp.hint" />
  </ItemGroup>
  <ItemGroup>
    <Image Include="Crysis.ico">
      <Filter>Resources</Filter>
    </Image>
    <Image Include="G15\crysis.bmp">
      <Filter>Resources\G15</Filter>
    </Image>
    <Image Include="G15\energy.bmp">
      <Filter>Resources\G15</Filter>
    </Image>
    <Image Include="G15\health.bmp">
      <Filter>Resources\G15</Filter>
    </Image>
    <Image Include="G15\objective.bmp">
      <Filter>Resources\G15</Filter>
    </Image>
    <Image Include="G15\Grenades\explosive.bmp">
      <Filter>Resources\G15\Grenades</Filter>
    </Image>
    <Image Include="G15\Grenades\flashbang.bmp">
      <Filter>Resources\G15\Grenades</Filter>
    </Image>
    <Image Include="G15\Grenades\nano.bmp">
      <Filter>Resources\G15\Grenades</Filter>
    </Image>
    <Image Include="G15\Grenades\select.bmp">
      <Filter>Resources\G15\Grenades</Filter>
    </Image>
    <Image Include="G15\Grenades\smoke.bmp">
      <Filter>Resources\G15\Grenades</Filter>
    </Image>
    <Image Include="G15\Items\ay69.bmp">
      <Filter>Resources\G15\Items</Filter>
    </Image>
    <Image Include="G15\Items\Double_Socom.bmp">
      <Filter>Resources\G15\Items</Filter>
    </Image>
    <Image Include="G15\Items\doubleay69.bmp">
      <Filter>Resources\G15\Items</Filter>
    </Image>
    <Image Include="G15\Items\dsg1.bmp">
      <Filter>Resources\G15\Items</Filter>
    </Image>
    <Image Include="G15\Items\fgl40.bmp">
      <Filter>Resources\G15\Items</Filter>
    </Image>
    <Image Include="G15\Items\fists.bmp">
      <Filter>Resources\G15\Items</Filter>
    </Image>
    <Image Include="G15\Items\fy71.bmp">
      <Filter>Resources\G15\Items</Filter>
    </Image>
    <Image Include="G15\Items\gauss.bmp">
      <Filter>Resources\G15\Items</Filter>
    </Image>
    <Image Include="G15\Items\hurricane.bmp">
      <Filter>Resources\G15\Items</Filter>
    </Image>
    <Image Include="G15\Items\Icon_c4.bmp">
      <Filter>Resources\G15\Items</Filter>
    </Image>
    <Image Include="G15\Items\Icon_claymore.bmp">
      <Filter>Resources\G15\Items</Filter>
    </Image>
    <Image Include="G15\Items\Icon_lockpick.bmp">
      <Filter>Resources\G15\Items</Filter>
    </Image>
    <Image Include="G15\Items\Icon_radar.bmp">
      <Filter>Resources\G15\Items</Filter>
    </Image>
    <Image Include="G15\Items\Icon_repair.bmp">
      <Filter>Resources\G15\Items</Filter>
    </Image>
    <Image Include="G15\Items\law.bmp">
      <Filter>Resources\G15\Items</Filter>
    </Image>
    <Image Include="G15\Items\Lockpick.bmp">
      <Filter>Resources\G15\Items</Filter>
    </Image>
    <Image Include="G15\Items\mine.BMP">
      <Filter>Resources\G15\Items</Filter>
    </Image>
    <Image Include="G15\Items\moac.bmp">
      <Filter>Resources\G15\Items</Filter>
    </Image>
    <Image Include="G15\Items\moar.bmp">
      <Filter>Resources\G15\Items</Filter>
    </Image>
    <Image Include="G15\Items\scar.bmp">
      <Filter>Resources\G15\Items</Filter>
    </Image>
    <Image Include="G15\Items\shotgun.bmp">
      <Filter>Resources\G15\Items</Filter>
    </Image>
    <Image Include="G15\Items\smg.bmp">
      <Filter>Resources\G15\Items</Filter>
    </Image>
    <Image Include="G15\Items\socom.bmp">
      <Filter>Resources\G15\Items</Filter>
    </Image>
    <Image Include="G15\Items\tacgun.bmp">
      <Filter>Resources\G15\Items</Filter>
    </Image>
    <Image Include="G15\Suit\armor20x20.bmp">
      <Filter>Resources\G15\Suit</Filter>
    </Image>
    <Image Include="G15\Suit\cloak20x20.bmp">
      <Filter>Resources\G15\Suit</Filter>
    </Image>
    <Image Include="G15\Suit\speed20x20.bmp">
      <Filter>Resources\G15\Suit</Filter>
    </Image>
    <Image Include="G15\Suit\strength20x20.bmp">
      <Filter>Resources\G15\Suit</Filter>
    </Image>
    <Image Include="G15\Vehicles\asv.bmp">
      <Filter>Resources\G15\Vehicles</Filter>
    </Image>
    <Image Include="G15\Vehicles\light4wd.bmp">
      <Filter>Resources\G15\Vehicles</Filter>
    </Image>
    <Image Include="G15\Vehicles\nkapc.bmp">
      <Filter>Resources\G15\Vehicles</Filter>
    </Image>
    <Image Include="G15\Vehicles\nkhelicopter.bmp">
      <Filter>Resources\G15\Vehicles</Filter>
    </Image>
    <Image Include="G15\Vehicles\nktactank.bmp">
      <Filter>Resources\G15\Vehicles</Filter>
    </Image>
    <Image Include="G15\Vehicles\nktruck.bmp">
      <Filter>Resources\G15\Vehicles</Filter>
    </Image>
    <Image Include="G15\Vehicles\usboat.bmp">
      <Filter>Resources\G15\Vehicles</Filter>
    </Image>
    <Image Include="G15\Vehicles\ustank.bmp">
      <Filter>Resources\G15\Vehicles</Filter>
    </Image>
    <Image Include="Wars.ico" />
  </ItemGroup>
  <ItemGroup>
    <ResourceCompile Include="CrysisTheOtherSide.rc">
      <Filter>Resources</Filter>
    </ResourceCompile>
  </ItemGroup>
  <ItemGroup>
    <CustomBuild Include="Alien.h">
      <Filter>Actor Files\aliens</Filter>
    </CustomBuild>
  </ItemGroup>
</Project>